{
  "name": "vibe-shunt",
  "version": "0.1.148",
  "lockfileVersion": 3,
  "requires": true,
  "packages": {
    "": {
      "name": "vibe-shunt",
      "version": "0.1.148",
      "license": "MIT",
      "bin": {
        "vibe-shunt": "bin/vibe-shunt.mjs"
      },
      "engines": {
        "node": ">=20"
      }
    }
  }
}
